
Microsoft Visual Studio Solution File, Format Version 12.00
# Visual Studio 2015
Project("{FAE04EC0-301F-11D3-BF4B-00C04F79EFBC}") = "Practica2IMA", "Practica2IMA.csproj", "{0E90ED0B-A3DA-16E9-2068-5F0FBFC75CCC}"
EndProject
Global
	GlobalSection(SolutionConfigurationPlatforms) = preSolution
		Debug|Any CPU = Debug|Any CPU
		Release|Any CPU = Release|Any CPU
	EndGlobalSection
	GlobalSection(ProjectConfigurationPlatforms) = postSolution
		{0E90ED0B-A3DA-16E9-2068-5F0FBFC75CCC}.Debug|Any CPU.ActiveCfg = Debug|Any CPU
		{0E90ED0B-A3DA-16E9-2068-5F0FBFC75CCC}.Debug|Any CPU.Build.0 = Debug|Any CPU
		{0E90ED0B-A3DA-16E9-2068-5F0FBFC75CCC}.Release|Any CPU.ActiveCfg = Release|Any CPU
		{0E90ED0B-A3DA-16E9-2068-5F0FBFC75CCC}.Release|Any CPU.Build.0 = Release|Any CPU
	EndGlobalSection
	GlobalSection(SolutionProperties) = preSolution
		HideSolutionNode = FALSE
	EndGlobalSection
EndGlobal
