
Microsoft Visual Studio Solution File, Format Version 12.00
# Visual Studio 2015
Project("{FAE04EC0-301F-11D3-BF4B-00C04F79EFBC}") = "RealidadVirtualJaime", "RealidadVirtualJaime.csproj", "{115BFBDC-C583-426D-6CFA-9A6910B0D59F}"
EndProject
Project("{FAE04EC0-301F-11D3-BF4B-00C04F79EFBC}") = "RealidadVirtualJaime.Editor", "RealidadVirtualJaime.Editor.csproj", "{DDE017DA-EC8B-F134-760E-7F3B9CB2A520}"
EndProject
Global
	GlobalSection(SolutionConfigurationPlatforms) = preSolution
		Debug|Any CPU = Debug|Any CPU
		Release|Any CPU = Release|Any CPU
	EndGlobalSection
	GlobalSection(ProjectConfigurationPlatforms) = postSolution
		{115BFBDC-C583-426D-6CFA-9A6910B0D59F}.Debug|Any CPU.ActiveCfg = Debug|Any CPU
		{115BFBDC-C583-426D-6CFA-9A6910B0D59F}.Debug|Any CPU.Build.0 = Debug|Any CPU
		{115BFBDC-C583-426D-6CFA-9A6910B0D59F}.Release|Any CPU.ActiveCfg = Release|Any CPU
		{115BFBDC-C583-426D-6CFA-9A6910B0D59F}.Release|Any CPU.Build.0 = Release|Any CPU
		{DDE017DA-EC8B-F134-760E-7F3B9CB2A520}.Debug|Any CPU.ActiveCfg = Debug|Any CPU
		{DDE017DA-EC8B-F134-760E-7F3B9CB2A520}.Debug|Any CPU.Build.0 = Debug|Any CPU
		{DDE017DA-EC8B-F134-760E-7F3B9CB2A520}.Release|Any CPU.ActiveCfg = Release|Any CPU
		{DDE017DA-EC8B-F134-760E-7F3B9CB2A520}.Release|Any CPU.Build.0 = Release|Any CPU
	EndGlobalSection
	GlobalSection(SolutionProperties) = preSolution
		HideSolutionNode = FALSE
	EndGlobalSection
EndGlobal
